{
    "name": "sendra-monorepo",
    "lockfileVersion": 3,
    "requires": true,
    "packages": {
        "": {
            "name": "sendra-monorepo",
            "dependencies": {
                "class-transformer": "^0.5.1",
                "class-validator": "^0.14.3",
                "helmet": "^8.1.0",
                "joi": "^18.0.2"
            },
            "devDependencies": {
                "prettier": "latest",
                "turbo": "latest",
                "typescript": "latest"
            }
        },
        "node_modules/@hapi/address": {
            "version": "5.1.1",
            "resolved": "https://registry.npmjs.org/@hapi/address/-/address-5.1.1.tgz",
            "integrity": "sha512-A+po2d/dVoY7cYajycYI43ZbYMXukuopIsqCjh5QzsBCipDtdofHntljDlpccMjIfTy6UOkg+5KPriwYch2bXA==",
            "license": "BSD-3-Clause",
            "dependencies": {
                "@hapi/hoek": "^11.0.2"
            },
            "engines": {
                "node": ">=14.0.0"
            }
        },
        "node_modules/@hapi/formula": {
            "version": "3.0.2",
            "resolved": "https://registry.npmjs.org/@hapi/formula/-/formula-3.0.2.tgz",
            "integrity": "sha512-hY5YPNXzw1He7s0iqkRQi+uMGh383CGdyyIGYtB+W5N3KHPXoqychklvHhKCC9M3Xtv0OCs/IHw+r4dcHtBYWw==",
            "license": "BSD-3-Clause"
        },
        "node_modules/@hapi/hoek": {
            "version": "11.0.7",
            "resolved": "https://registry.npmjs.org/@hapi/hoek/-/hoek-11.0.7.tgz",
            "integrity": "sha512-HV5undWkKzcB4RZUusqOpcgxOaq6VOAH7zhhIr2g3G8NF/MlFO75SjOr2NfuSx0Mh40+1FqCkagKLJRykUWoFQ==",
            "license": "BSD-3-Clause"
        },
        "node_modules/@hapi/pinpoint": {
            "version": "2.0.1",
            "resolved": "https://registry.npmjs.org/@hapi/pinpoint/-/pinpoint-2.0.1.tgz",
            "integrity": "sha512-EKQmr16tM8s16vTT3cA5L0kZZcTMU5DUOZTuvpnY738m+jyP3JIUj+Mm1xc1rsLkGBQ/gVnfKYPwOmPg1tUR4Q==",
            "license": "BSD-3-Clause"
        },
        "node_modules/@hapi/tlds": {
            "version": "1.1.4",
            "resolved": "https://registry.npmjs.org/@hapi/tlds/-/tlds-1.1.4.tgz",
            "integrity": "sha512-Fq+20dxsxLaUn5jSSWrdtSRcIUba2JquuorF9UW1wIJS5cSUwxIsO2GIhaWynPRflvxSzFN+gxKte2HEW1OuoA==",
            "license": "BSD-3-Clause",
            "engines": {
                "node": ">=14.0.0"
            }
        },
        "node_modules/@hapi/topo": {
            "version": "6.0.2",
            "resolved": "https://registry.npmjs.org/@hapi/topo/-/topo-6.0.2.tgz",
            "integrity": "sha512-KR3rD5inZbGMrHmgPxsJ9dbi6zEK+C3ZwUwTa+eMwWLz7oijWUTWD2pMSNNYJAU6Qq+65NkxXjqHr/7LM2Xkqg==",
            "license": "BSD-3-Clause",
            "dependencies": {
                "@hapi/hoek": "^11.0.2"
            }
        },
        "node_modules/@standard-schema/spec": {
            "version": "1.0.0",
            "resolved": "https://registry.npmjs.org/@standard-schema/spec/-/spec-1.0.0.tgz",
            "integrity": "sha512-m2bOd0f2RT9k8QJx1JN85cZYyH1RqFBdlwtkSlf4tBDYLCiiZnv1fIIwacK6cqwXavOydf0NPToMQgpKq+dVlA==",
            "license": "MIT"
        },
        "node_modules/@types/validator": {
            "version": "13.15.10",
            "resolved": "https://registry.npmjs.org/@types/validator/-/validator-13.15.10.tgz",
            "integrity": "sha512-T8L6i7wCuyoK8A/ZeLYt1+q0ty3Zb9+qbSSvrIVitzT3YjZqkTZ40IbRsPanlB4h1QB3JVL1SYCdR6ngtFYcuA==",
            "license": "MIT"
        },
        "node_modules/class-transformer": {
            "version": "0.5.1",
            "resolved": "https://registry.npmjs.org/class-transformer/-/class-transformer-0.5.1.tgz",
            "integrity": "sha512-SQa1Ws6hUbfC98vKGxZH3KFY0Y1lm5Zm0SY8XX9zbK7FJCyVEac3ATW0RIpwzW+oOfmHE5PMPufDG9hCfoEOMw==",
            "license": "MIT"
        },
        "node_modules/class-validator": {
            "version": "0.14.3",
            "resolved": "https://registry.npmjs.org/class-validator/-/class-validator-0.14.3.tgz",
            "integrity": "sha512-rXXekcjofVN1LTOSw+u4u9WXVEUvNBVjORW154q/IdmYWy1nMbOU9aNtZB0t8m+FJQ9q91jlr2f9CwwUFdFMRA==",
            "license": "MIT",
            "dependencies": {
                "@types/validator": "^13.15.3",
                "libphonenumber-js": "^1.11.1",
                "validator": "^13.15.20"
            }
        },
        "node_modules/helmet": {
            "version": "8.1.0",
            "resolved": "https://registry.npmjs.org/helmet/-/helmet-8.1.0.tgz",
            "integrity": "sha512-jOiHyAZsmnr8LqoPGmCjYAaiuWwjAPLgY8ZX2XrmHawt99/u1y6RgrZMTeoPfpUbV96HOalYgz1qzkRbw54Pmg==",
            "license": "MIT",
            "engines": {
                "node": ">=18.0.0"
            }
        },
        "node_modules/joi": {
            "version": "18.0.2",
            "resolved": "https://registry.npmjs.org/joi/-/joi-18.0.2.tgz",
            "integrity": "sha512-RuCOQMIt78LWnktPoeBL0GErkNaJPTBGcYuyaBvUOQSpcpcLfWrHPPihYdOGbV5pam9VTWbeoF7TsGiHugcjGA==",
            "license": "BSD-3-Clause",
            "dependencies": {
                "@hapi/address": "^5.1.1",
                "@hapi/formula": "^3.0.2",
                "@hapi/hoek": "^11.0.7",
                "@hapi/pinpoint": "^2.0.1",
                "@hapi/tlds": "^1.1.1",
                "@hapi/topo": "^6.0.2",
                "@standard-schema/spec": "^1.0.0"
            },
            "engines": {
                "node": ">= 20"
            }
        },
        "node_modules/libphonenumber-js": {
            "version": "1.12.31",
            "resolved": "https://registry.npmjs.org/libphonenumber-js/-/libphonenumber-js-1.12.31.tgz",
            "integrity": "sha512-Z3IhgVgrqO1S5xPYM3K5XwbkDasU67/Vys4heW+lfSBALcUZjeIIzI8zCLifY+OCzSq+fpDdywMDa7z+4srJPQ==",
            "license": "MIT"
        },
        "node_modules/prettier": {
            "version": "3.7.4",
            "resolved": "https://registry.npmjs.org/prettier/-/prettier-3.7.4.tgz",
            "integrity": "sha512-v6UNi1+3hSlVvv8fSaoUbggEM5VErKmmpGA7Pl3HF8V6uKY7rvClBOJlH6yNwQtfTueNkGVpOv/mtWL9L4bgRA==",
            "dev": true,
            "license": "MIT",
            "bin": {
                "prettier": "bin/prettier.cjs"
            },
            "engines": {
                "node": ">=14"
            },
            "funding": {
                "url": "https://github.com/prettier/prettier?sponsor=1"
            }
        },
        "node_modules/turbo": {
            "version": "2.6.3",
            "resolved": "https://registry.npmjs.org/turbo/-/turbo-2.6.3.tgz",
            "integrity": "sha512-bf6YKUv11l5Xfcmg76PyWoy/e2vbkkxFNBGJSnfdSXQC33ZiUfutYh6IXidc5MhsnrFkWfdNNLyaRk+kHMLlwA==",
            "dev": true,
            "license": "MIT",
            "bin": {
                "turbo": "bin/turbo"
            },
            "optionalDependencies": {
                "turbo-darwin-64": "2.6.3",
                "turbo-darwin-arm64": "2.6.3",
                "turbo-linux-64": "2.6.3",
                "turbo-linux-arm64": "2.6.3",
                "turbo-windows-64": "2.6.3",
                "turbo-windows-arm64": "2.6.3"
            }
        },
        "node_modules/turbo-darwin-64": {
            "version": "2.6.3",
            "resolved": "https://registry.npmjs.org/turbo-darwin-64/-/turbo-darwin-64-2.6.3.tgz",
            "integrity": "sha512-BlJJDc1CQ7SK5Y5qnl7AzpkvKSnpkfPmnA+HeU/sgny3oHZckPV2776ebO2M33CYDSor7+8HQwaodY++IINhYg==",
            "cpu": [
                "x64"
            ],
            "dev": true,
            "license": "MIT",
            "optional": true,
            "os": [
                "darwin"
            ]
        },
        "node_modules/turbo-darwin-arm64": {
            "version": "2.6.3",
            "resolved": "https://registry.npmjs.org/turbo-darwin-arm64/-/turbo-darwin-arm64-2.6.3.tgz",
            "integrity": "sha512-MwVt7rBKiOK7zdYerenfCRTypefw4kZCue35IJga9CH1+S50+KTiCkT6LBqo0hHeoH2iKuI0ldTF2a0aB72z3w==",
            "cpu": [
                "arm64"
            ],
            "dev": true,
            "license": "MIT",
            "optional": true,
            "os": [
                "darwin"
            ]
        },
        "node_modules/turbo-linux-64": {
            "version": "2.6.3",
            "resolved": "https://registry.npmjs.org/turbo-linux-64/-/turbo-linux-64-2.6.3.tgz",
            "integrity": "sha512-cqpcw+dXxbnPtNnzeeSyWprjmuFVpHJqKcs7Jym5oXlu/ZcovEASUIUZVN3OGEM6Y/OTyyw0z09tOHNt5yBAVg==",
            "cpu": [
                "x64"
            ],
            "dev": true,
            "license": "MIT",
            "optional": true,
            "os": [
                "linux"
            ]
        },
        "node_modules/turbo-linux-arm64": {
            "version": "2.6.3",
            "resolved": "https://registry.npmjs.org/turbo-linux-arm64/-/turbo-linux-arm64-2.6.3.tgz",
            "integrity": "sha512-MterpZQmjXyr4uM7zOgFSFL3oRdNKeflY7nsjxJb2TklsYqiu3Z9pQ4zRVFFH8n0mLGna7MbQMZuKoWqqHb45w==",
            "cpu": [
                "arm64"
            ],
            "dev": true,
            "license": "MIT",
            "optional": true,
            "os": [
                "linux"
            ]
        },
        "node_modules/turbo-windows-64": {
            "version": "2.6.3",
            "resolved": "https://registry.npmjs.org/turbo-windows-64/-/turbo-windows-64-2.6.3.tgz",
            "integrity": "sha512-biDU70v9dLwnBdLf+daoDlNJVvqOOP8YEjqNipBHzgclbQlXbsi6Gqqelp5er81Qo3BiRgmTNx79oaZQTPb07Q==",
            "cpu": [
                "x64"
            ],
            "dev": true,
            "license": "MIT",
            "optional": true,
            "os": [
                "win32"
            ]
        },
        "node_modules/turbo-windows-arm64": {
            "version": "2.6.3",
            "resolved": "https://registry.npmjs.org/turbo-windows-arm64/-/turbo-windows-arm64-2.6.3.tgz",
            "integrity": "sha512-dDHVKpSeukah3VsI/xMEKeTnV9V9cjlpFSUs4bmsUiLu3Yv2ENlgVEZv65wxbeE0bh0jjpmElDT+P1KaCxArQQ==",
            "cpu": [
                "arm64"
            ],
            "dev": true,
            "license": "MIT",
            "optional": true,
            "os": [
                "win32"
            ]
        },
        "node_modules/typescript": {
            "version": "5.9.3",
            "resolved": "https://registry.npmjs.org/typescript/-/typescript-5.9.3.tgz",
            "integrity": "sha512-jl1vZzPDinLr9eUt3J/t7V6FgNEw9QjvBPdysz9KfQDD41fQrC2Y4vKQdiaUpFT4bXlb1RHhLpp8wtm6M5TgSw==",
            "dev": true,
            "license": "Apache-2.0",
            "bin": {
                "tsc": "bin/tsc",
                "tsserver": "bin/tsserver"
            },
            "engines": {
                "node": ">=14.17"
            }
        },
        "node_modules/validator": {
            "version": "13.15.23",
            "resolved": "https://registry.npmjs.org/validator/-/validator-13.15.23.tgz",
            "integrity": "sha512-4yoz1kEWqUjzi5zsPbAS/903QXSYp0UOtHsPpp7p9rHAw/W+dkInskAE386Fat3oKRROwO98d9ZB0G4cObgUyw==",
            "license": "MIT",
            "engines": {
                "node": ">= 0.10"
            }
        }
    }
}
